
Microsoft Visual Studio Solution File, Format Version 12.00
# Visual Studio Version 16
VisualStudioVersion = 16.0.29806.167
MinimumVisualStudioVersion = 10.0.40219.1
Project("{FAE04EC0-301F-11D3-BF4B-00C04F79EFBC}") = "PSSecureAdmin", "PSSecureAdmin.csproj", "{E738E44B-28EA-4977-ACCC-2D5B8C22CD2E}"
EndProject
Global
	GlobalSection(SolutionConfigurationPlatforms) = preSolution
		Debug|Any CPU = Debug|Any CPU
		Release|Any CPU = Release|Any CPU
	EndGlobalSection
	GlobalSection(ProjectConfigurationPlatforms) = postSolution
		{E738E44B-28EA-4977-ACCC-2D5B8C22CD2E}.Debug|Any CPU.ActiveCfg = Debug|Any CPU
		{E738E44B-28EA-4977-ACCC-2D5B8C22CD2E}.Debug|Any CPU.Build.0 = Debug|Any CPU
		{E738E44B-28EA-4977-ACCC-2D5B8C22CD2E}.Release|Any CPU.ActiveCfg = Release|Any CPU
		{E738E44B-28EA-4977-ACCC-2D5B8C22CD2E}.Release|Any CPU.Build.0 = Release|Any CPU
	EndGlobalSection
	GlobalSection(SolutionProperties) = preSolution
		HideSolutionNode = FALSE
	EndGlobalSection
	GlobalSection(ExtensibilityGlobals) = postSolution
		SolutionGuid = {A33664F1-D750-444B-A1DC-DCD93CCE8D75}
	EndGlobalSection
EndGlobal
